
Microsoft Visual Studio Solution File, Format Version 12.00
# Visual Studio Version 16
VisualStudioVersion = 16.0.30717.126
MinimumVisualStudioVersion = 10.0.40219.1
Project("{8BC9CEB8-8B4A-11D0-8D11-00A0C91BC942}") = "AbstractBaseClass", "AbstractBaseClass\AbstractBaseClass.vcxproj", "{525E63F8-719F-4356-A7A2-E73552108C28}"
EndProject
Project("{8BC9CEB8-8B4A-11D0-8D11-00A0C91BC942}") = "Intro", "..\OOP\Intro\Intro\Intro.vcxproj", "{1EA055C3-518F-4A25-A870-E1CE36BF5A9A}"
EndProject
Project("{8BC9CEB8-8B4A-11D0-8D11-00A0C91BC942}") = "String", "..\String\String\String.vcxproj", "{D9D9E493-FA73-434F-9E34-71E735AABCC2}"
EndProject
Global
	GlobalSection(SolutionConfigurationPlatforms) = preSolution
		Debug|x64 = Debug|x64
		Debug|x86 = Debug|x86
		Release|x64 = Release|x64
		Release|x86 = Release|x86
	EndGlobalSection
	GlobalSection(ProjectConfigurationPlatforms) = postSolution
		{525E63F8-719F-4356-A7A2-E73552108C28}.Debug|x64.ActiveCfg = Debug|x64
		{525E63F8-719F-4356-A7A2-E73552108C28}.Debug|x64.Build.0 = Debug|x64
		{525E63F8-719F-4356-A7A2-E73552108C28}.Debug|x86.ActiveCfg = Debug|Win32
		{525E63F8-719F-4356-A7A2-E73552108C28}.Debug|x86.Build.0 = Debug|Win32
		{525E63F8-719F-4356-A7A2-E73552108C28}.Release|x64.ActiveCfg = Release|x64
		{525E63F8-719F-4356-A7A2-E73552108C28}.Release|x64.Build.0 = Release|x64
		{525E63F8-719F-4356-A7A2-E73552108C28}.Release|x86.ActiveCfg = Release|Win32
		{525E63F8-719F-4356-A7A2-E73552108C28}.Release|x86.Build.0 = Release|Win32
		{1EA055C3-518F-4A25-A870-E1CE36BF5A9A}.Debug|x64.ActiveCfg = Debug|x64
		{1EA055C3-518F-4A25-A870-E1CE36BF5A9A}.Debug|x64.Build.0 = Debug|x64
		{1EA055C3-518F-4A25-A870-E1CE36BF5A9A}.Debug|x86.ActiveCfg = Debug|Win32
		{1EA055C3-518F-4A25-A870-E1CE36BF5A9A}.Debug|x86.Build.0 = Debug|Win32
		{1EA055C3-518F-4A25-A870-E1CE36BF5A9A}.Release|x64.ActiveCfg = Release|x64
		{1EA055C3-518F-4A25-A870-E1CE36BF5A9A}.Release|x64.Build.0 = Release|x64
		{1EA055C3-518F-4A25-A870-E1CE36BF5A9A}.Release|x86.ActiveCfg = Release|Win32
		{1EA055C3-518F-4A25-A870-E1CE36BF5A9A}.Release|x86.Build.0 = Release|Win32
		{D9D9E493-FA73-434F-9E34-71E735AABCC2}.Debug|x64.ActiveCfg = Debug|x64
		{D9D9E493-FA73-434F-9E34-71E735AABCC2}.Debug|x64.Build.0 = Debug|x64
		{D9D9E493-FA73-434F-9E34-71E735AABCC2}.Debug|x86.ActiveCfg = Debug|Win32
		{D9D9E493-FA73-434F-9E34-71E735AABCC2}.Debug|x86.Build.0 = Debug|Win32
		{D9D9E493-FA73-434F-9E34-71E735AABCC2}.Release|x64.ActiveCfg = Release|x64
		{D9D9E493-FA73-434F-9E34-71E735AABCC2}.Release|x64.Build.0 = Release|x64
		{D9D9E493-FA73-434F-9E34-71E735AABCC2}.Release|x86.ActiveCfg = Release|Win32
		{D9D9E493-FA73-434F-9E34-71E735AABCC2}.Release|x86.Build.0 = Release|Win32
	EndGlobalSection
	GlobalSection(SolutionProperties) = preSolution
		HideSolutionNode = FALSE
	EndGlobalSection
	GlobalSection(ExtensibilityGlobals) = postSolution
		SolutionGuid = {5C7C34DA-DC62-4021-9A89-36C50249385C}
	EndGlobalSection
EndGlobal
